<?xml version="1.0" encoding="UTF-8" standalone="yes" ?>
<CodeBlocks_project_file>
	<FileVersion major="1" minor="6" />
	<Project>
		<Option title="1.HelloWindow" />
		<Option pch_mode="2" />
		<Option compiler="gcc" />
		<Build>
			<Target title="Debug">
				<Option output="bin/Debug/HelloWindow" prefix_auto="1" extension_auto="1" />
				<Option object_output="obj/Debug/" />
				<Option type="1" />
				<Option compiler="gcc" />
				<Compiler>
					<Add option="-g" />
					<Add option="-lglfw3 -lGL  -lX11 -lpthread -lXrandr -lXi -ldl" />
					<Add directory="/home/tschoots/Maiastra_Research/opengl_expriments/src/glad/include" />
					<Add directory="/usr/include" />
					<Add directory="/home/tschoots/Maiastra_Research/opengl_expriments/src/glad/src" />
				</Compiler>
				<Linker>
					<Add library="/usr/lib/x86_64-linux-gnu/libglfw.so.3.2" />
					<Add library="/lib/x86_64-linux-gnu/libdl-2.26.so" />
					<Add directory="/usr/lib" />
				</Linker>
			</Target>
			<Target title="Release">
				<Option output="bin/Release/HelloWindow" prefix_auto="1" extension_auto="1" />
				<Option object_output="obj/Release/" />
				<Option type="1" />
				<Option compiler="gcc" />
				<Compiler>
					<Add option="-O2" />
					<Add option="glad.c -lglfw3 -lGL -lX11 -lpthread -lXrandr -lXi" />
					<Add directory="/home/tschoots/Maiastra_Research/opengl_expriments/src/glad/include/glad" />
					<Add directory="/usr/include" />
					<Add directory="/home/tschoots/Maiastra_Research/opengl_expriments/src/glad/src" />
				</Compiler>
				<Linker>
					<Add option="-s" />
				</Linker>
			</Target>
		</Build>
		<Compiler>
			<Add option="-Wall" />
		</Compiler>
		<Unit filename="../../../glad/src/glad.c">
			<Option compilerVar="CC" />
		</Unit>
		<Unit filename="src/main.cpp" />
		<Extensions>
			<code_completion />
			<debugger />
		</Extensions>
	</Project>
</CodeBlocks_project_file>
